
Microsoft Visual Studio Solution File, Format Version 12.00
# Visual Studio Version 17
VisualStudioVersion = 17.11.35219.272
MinimumVisualStudioVersion = 10.0.40219.1
Project("{FAE04EC0-301F-11D3-BF4B-00C04F79EFBC}") = "Tahir", "Tahir\Tahir.csproj", "{EA628566-B8ED-4B5A-83C4-FF33CC1F2FEA}"
EndProject
Global
	GlobalSection(SolutionConfigurationPlatforms) = preSolution
		Debug|Any CPU = Debug|Any CPU
		Release|Any CPU = Release|Any CPU
	EndGlobalSection
	GlobalSection(ProjectConfigurationPlatforms) = postSolution
		{EA628566-B8ED-4B5A-83C4-FF33CC1F2FEA}.Debug|Any CPU.ActiveCfg = Debug|Any CPU
		{EA628566-B8ED-4B5A-83C4-FF33CC1F2FEA}.Debug|Any CPU.Build.0 = Debug|Any CPU
		{EA628566-B8ED-4B5A-83C4-FF33CC1F2FEA}.Release|Any CPU.ActiveCfg = Release|Any CPU
		{EA628566-B8ED-4B5A-83C4-FF33CC1F2FEA}.Release|Any CPU.Build.0 = Release|Any CPU
	EndGlobalSection
	GlobalSection(SolutionProperties) = preSolution
		HideSolutionNode = FALSE
	EndGlobalSection
	GlobalSection(ExtensibilityGlobals) = postSolution
		SolutionGuid = {6E29E9DE-A550-48E4-A865-CF0F80313362}
	EndGlobalSection
EndGlobal
